
Microsoft Visual Studio Solution File, Format Version 12.00
# Visual Studio Version 17
VisualStudioVersion = 17.14.37411.7
MinimumVisualStudioVersion = 10.0.40219.1
Project("{FAE04EC0-301F-11D3-BF4B-00C04F79EFBC}") = "PacketSimulatorServer", "PacketSimulatorServer\PacketSimulatorServer.csproj", "{F9A70378-60F1-420F-BC1B-07F44A03435C}"
EndProject
Project("{FAE04EC0-301F-11D3-BF4B-00C04F79EFBC}") = "HelperLibrary", "HelperLibrary\HelperLibrary.csproj", "{BE233DEC-0E8F-413F-B8E1-06D198EF4FA2}"
EndProject
Project("{FAE04EC0-301F-11D3-BF4B-00C04F79EFBC}") = "PacketSimulatorClient", "PacketSimulatorClient\PacketSimulatorClient.csproj", "{2B38427E-AD14-42D1-B351-ED2FC43E42B4}"
EndProject
Project("{FAE04EC0-301F-11D3-BF4B-00C04F79EFBC}") = "PacketSimulatorServerWorkerService", "PacketSimulatorServerWorkerService\PacketSimulatorServerWorkerService.csproj", "{28B4D11D-FF81-40F6-B970-538B10C24048}"
EndProject
Global
	GlobalSection(SolutionConfigurationPlatforms) = preSolution
		Debug|Any CPU = Debug|Any CPU
		Release|Any CPU = Release|Any CPU
	EndGlobalSection
	GlobalSection(ProjectConfigurationPlatforms) = postSolution
		{F9A70378-60F1-420F-BC1B-07F44A03435C}.Debug|Any CPU.ActiveCfg = Debug|Any CPU
		{F9A70378-60F1-420F-BC1B-07F44A03435C}.Debug|Any CPU.Build.0 = Debug|Any CPU
		{F9A70378-60F1-420F-BC1B-07F44A03435C}.Release|Any CPU.ActiveCfg = Release|Any CPU
		{F9A70378-60F1-420F-BC1B-07F44A03435C}.Release|Any CPU.Build.0 = Release|Any CPU
		{BE233DEC-0E8F-413F-B8E1-06D198EF4FA2}.Debug|Any CPU.ActiveCfg = Debug|Any CPU
		{BE233DEC-0E8F-413F-B8E1-06D198EF4FA2}.Debug|Any CPU.Build.0 = Debug|Any CPU
		{BE233DEC-0E8F-413F-B8E1-06D198EF4FA2}.Release|Any CPU.ActiveCfg = Release|Any CPU
		{BE233DEC-0E8F-413F-B8E1-06D198EF4FA2}.Release|Any CPU.Build.0 = Release|Any CPU
		{2B38427E-AD14-42D1-B351-ED2FC43E42B4}.Debug|Any CPU.ActiveCfg = Debug|Any CPU
		{2B38427E-AD14-42D1-B351-ED2FC43E42B4}.Debug|Any CPU.Build.0 = Debug|Any CPU
		{2B38427E-AD14-42D1-B351-ED2FC43E42B4}.Release|Any CPU.ActiveCfg = Release|Any CPU
		{2B38427E-AD14-42D1-B351-ED2FC43E42B4}.Release|Any CPU.Build.0 = Release|Any CPU
		{28B4D11D-FF81-40F6-B970-538B10C24048}.Debug|Any CPU.ActiveCfg = Debug|Any CPU
		{28B4D11D-FF81-40F6-B970-538B10C24048}.Debug|Any CPU.Build.0 = Debug|Any CPU
		{28B4D11D-FF81-40F6-B970-538B10C24048}.Release|Any CPU.ActiveCfg = Release|Any CPU
		{28B4D11D-FF81-40F6-B970-538B10C24048}.Release|Any CPU.Build.0 = Release|Any CPU
	EndGlobalSection
	GlobalSection(SolutionProperties) = preSolution
		HideSolutionNode = FALSE
	EndGlobalSection
	GlobalSection(ExtensibilityGlobals) = postSolution
		SolutionGuid = {1BBF9EB6-CFC8-439A-B472-6371DD01170B}
	EndGlobalSection
EndGlobal
